
Microsoft Visual Studio Solution File, Format Version 12.00
# Visual Studio Version 17
VisualStudioVersion = 17.4.33213.308
MinimumVisualStudioVersion = 10.0.40219.1
Project("{FAE04EC0-301F-11D3-BF4B-00C04F79EFBC}") = "Project2", "Project2.csproj", "{6F6F6A7E-059E-4262-B0C8-5E7B18732814}"
EndProject
Global
	GlobalSection(SolutionConfigurationPlatforms) = preSolution
		Debug|Any CPU = Debug|Any CPU
		Release|Any CPU = Release|Any CPU
	EndGlobalSection
	GlobalSection(ProjectConfigurationPlatforms) = postSolution
		{6F6F6A7E-059E-4262-B0C8-5E7B18732814}.Debug|Any CPU.ActiveCfg = Debug|Any CPU
		{6F6F6A7E-059E-4262-B0C8-5E7B18732814}.Debug|Any CPU.Build.0 = Debug|Any CPU
		{6F6F6A7E-059E-4262-B0C8-5E7B18732814}.Release|Any CPU.ActiveCfg = Release|Any CPU
		{6F6F6A7E-059E-4262-B0C8-5E7B18732814}.Release|Any CPU.Build.0 = Release|Any CPU
	EndGlobalSection
	GlobalSection(SolutionProperties) = preSolution
		HideSolutionNode = FALSE
	EndGlobalSection
	GlobalSection(ExtensibilityGlobals) = postSolution
		SolutionGuid = {68D5302A-159E-4255-A8A4-2BFF0502A340}
	EndGlobalSection
EndGlobal
